// !$*UTF8*$!
{
	archiveVersion = 1;
	classes = {
	};
	objectVersion = 50;
	objects = {

/* Begin PBXBuildFile section */
		F17747AB26B302C800FC4507 /* AppDelegate.swift in Sources */ = {isa = PBXBuildFile; fileRef = F17747AA26B302C800FC4507 /* AppDelegate.swift */; };
		F17747AD26B302C800FC4507 /* SceneDelegate.swift in Sources */ = {isa = PBXBuildFile; fileRef = F17747AC26B302C800FC4507 /* SceneDelegate.swift */; };
		F17747AF26B302C800FC4507 /* ViewController.swift in Sources */ = {isa = PBXBuildFile; fileRef = F17747AE26B302C800FC4507 /* ViewController.swift */; };
		F17747B426B302CA00FC4507 /* Assets.xcassets in Resources */ = {isa = PBXBuildFile; fileRef = F17747B326B302CA00FC4507 /* Assets.xcassets */; };
		F17747C226B302CB00FC4507 /* SurfTestTests.swift in Sources */ = {isa = PBXBuildFile; fileRef = F17747C126B302CB00FC4507 /* SurfTestTests.swift */; };
		F17747CD26B302CB00FC4507 /* SurfTestUITests.swift in Sources */ = {isa = PBXBuildFile; fileRef = F17747CC26B302CB00FC4507 /* SurfTestUITests.swift */; };
		F17747E126B305D900FC4507 /* UIImageExtension.swift in Sources */ = {isa = PBXBuildFile; fileRef = F17747E026B305D900FC4507 /* UIImageExtension.swift */; };
		F17747E726B3060A00FC4507 /* Session.swift in Sources */ = {isa = PBXBuildFile; fileRef = F17747E626B3060A00FC4507 /* Session.swift */; };
		F17747EC26B3061200FC4507 /* Lorem.swift in Sources */ = {isa = PBXBuildFile; fileRef = F17747EB26B3061200FC4507 /* Lorem.swift */; };
		F17747F126B3061800FC4507 /* Friends.swift in Sources */ = {isa = PBXBuildFile; fileRef = F17747F026B3061800FC4507 /* Friends.swift */; };
		F17747F626B3061E00FC4507 /* Photos.swift in Sources */ = {isa = PBXBuildFile; fileRef = F17747F526B3061E00FC4507 /* Photos.swift */; };
		F17747FF26B3065300FC4507 /* Main.storyboard in Resources */ = {isa = PBXBuildFile; fileRef = F17747FE26B3065300FC4507 /* Main.storyboard */; };
		F177480426B3065C00FC4507 /* LaunchScreen.storyboard in Resources */ = {isa = PBXBuildFile; fileRef = F177480326B3065C00FC4507 /* LaunchScreen.storyboard */; };
		F177481026B3068A00FC4507 /* LikeControl.swift in Sources */ = {isa = PBXBuildFile; fileRef = F177480F26B3068A00FC4507 /* LikeControl.swift */; };
		F177481526B3069000FC4507 /* AvatarView.swift in Sources */ = {isa = PBXBuildFile; fileRef = F177481426B3069000FC4507 /* AvatarView.swift */; };
		F177481A26B3069600FC4507 /* LetterPicker.swift in Sources */ = {isa = PBXBuildFile; fileRef = F177481926B3069600FC4507 /* LetterPicker.swift */; };
		F177481F26B3069C00FC4507 /* SearchView.swift in Sources */ = {isa = PBXBuildFile; fileRef = F177481E26B3069C00FC4507 /* SearchView.swift */; };
		F177482526B3071200FC4507 /* FriendsCollectionCell.swift in Sources */ = {isa = PBXBuildFile; fileRef = F177482426B3071200FC4507 /* FriendsCollectionCell.swift */; };
		F177482A26B3071900FC4507 /* FriendsTableViewCell.swift in Sources */ = {isa = PBXBuildFile; fileRef = F177482926B3071900FC4507 /* FriendsTableViewCell.swift */; };
		F177483026B3074C00FC4507 /* LoginViewController.swift in Sources */ = {isa = PBXBuildFile; fileRef = F177482F26B3074C00FC4507 /* LoginViewController.swift */; };
		F177483626B3076000FC4507 /* FriendsTableViewController.swift in Sources */ = {isa = PBXBuildFile; fileRef = F177483526B3076000FC4507 /* FriendsTableViewController.swift */; };
		F177483B26B3076600FC4507 /* FriendsCollectionViewController.swift in Sources */ = {isa = PBXBuildFile; fileRef = F177483A26B3076600FC4507 /* FriendsCollectionViewController.swift */; };
		F177484026B3076C00FC4507 /* GalleryViewController.swift in Sources */ = {isa = PBXBuildFile; fileRef = F177483F26B3076C00FC4507 /* GalleryViewController.swift */; };
/* End PBXBuildFile section */

/* Begin PBXContainerItemProxy section */
		F17747BE26B302CA00FC4507 /* PBXContainerItemProxy */ = {
			isa = PBXContainerItemProxy;
			containerPortal = F177479F26B302C800FC4507 /* Project object */;
			proxyType = 1;
			remoteGlobalIDString = F17747A626B302C800FC4507;
			remoteInfo = SurfTest;
		};
		F17747C926B302CB00FC4507 /* PBXContainerItemProxy */ = {
			isa = PBXContainerItemProxy;
			containerPortal = F177479F26B302C800FC4507 /* Project object */;
			proxyType = 1;
			remoteGlobalIDString = F17747A626B302C800FC4507;
			remoteInfo = SurfTest;
		};
/* End PBXContainerItemProxy section */

/* Begin PBXFileReference section */
		F17747A726B302C800FC4507 /* SurfTest.app */ = {isa = PBXFileReference; explicitFileType = wrapper.application; includeInIndex = 0; path = SurfTest.app; sourceTree = BUILT_PRODUCTS_DIR; };
		F17747AA26B302C800FC4507 /* AppDelegate.swift */ = {isa = PBXFileReference; lastKnownFileType = sourcecode.swift; path = AppDelegate.swift; sourceTree = "<group>"; };
		F17747AC26B302C800FC4507 /* SceneDelegate.swift */ = {isa = PBXFileReference; lastKnownFileType = sourcecode.swift; path = SceneDelegate.swift; sourceTree = "<group>"; };
		F17747AE26B302C800FC4507 /* ViewController.swift */ = {isa = PBXFileReference; lastKnownFileType = sourcecode.swift; path = ViewController.swift; sourceTree = "<group>"; };
		F17747B326B302CA00FC4507 /* Assets.xcassets */ = {isa = PBXFileReference; lastKnownFileType = folder.assetcatalog; path = Assets.xcassets; sourceTree = "<group>"; };
		F17747B826B302CA00FC4507 /* Info.plist */ = {isa = PBXFileReference; lastKnownFileType = text.plist.xml; path = Info.plist; sourceTree = "<group>"; };
		F17747BD26B302CA00FC4507 /* SurfTestTests.xctest */ = {isa = PBXFileReference; explicitFileType = wrapper.cfbundle; includeInIndex = 0; path = SurfTestTests.xctest; sourceTree = BUILT_PRODUCTS_DIR; };
		F17747C126B302CB00FC4507 /* SurfTestTests.swift */ = {isa = PBXFileReference; lastKnownFileType = sourcecode.swift; path = SurfTestTests.swift; sourceTree = "<group>"; };
		F17747C326B302CB00FC4507 /* Info.plist */ = {isa = PBXFileReference; lastKnownFileType = text.plist.xml; path = Info.plist; sourceTree = "<group>"; };
		F17747C826B302CB00FC4507 /* SurfTestUITests.xctest */ = {isa = PBXFileReference; explicitFileType = wrapper.cfbundle; includeInIndex = 0; path = SurfTestUITests.xctest; sourceTree = BUILT_PRODUCTS_DIR; };
		F17747CC26B302CB00FC4507 /* SurfTestUITests.swift */ = {isa = PBXFileReference; lastKnownFileType = sourcecode.swift; path = SurfTestUITests.swift; sourceTree = "<group>"; };
		F17747CE26B302CB00FC4507 /* Info.plist */ = {isa = PBXFileReference; lastKnownFileType = text.plist.xml; path = Info.plist; sourceTree = "<group>"; };
		F17747E026B305D900FC4507 /* UIImageExtension.swift */ = {isa = PBXFileReference; fileEncoding = 4; lastKnownFileType = sourcecode.swift; path = UIImageExtension.swift; sourceTree = "<group>"; };
		F17747E626B3060A00FC4507 /* Session.swift */ = {isa = PBXFileReference; fileEncoding = 4; lastKnownFileType = sourcecode.swift; path = Session.swift; sourceTree = "<group>"; };
		F17747EB26B3061200FC4507 /* Lorem.swift */ = {isa = PBXFileReference; fileEncoding = 4; lastKnownFileType = sourcecode.swift; path = Lorem.swift; sourceTree = "<group>"; };
		F17747F026B3061800FC4507 /* Friends.swift */ = {isa = PBXFileReference; fileEncoding = 4; lastKnownFileType = sourcecode.swift; path = Friends.swift; sourceTree = "<group>"; };
		F17747F526B3061E00FC4507 /* Photos.swift */ = {isa = PBXFileReference; fileEncoding = 4; lastKnownFileType = sourcecode.swift; path = Photos.swift; sourceTree = "<group>"; };
		F17747FE26B3065300FC4507 /* Main.storyboard */ = {isa = PBXFileReference; fileEncoding = 4; lastKnownFileType = file.storyboard; path = Main.storyboard; sourceTree = "<group>"; };
		F177480326B3065C00FC4507 /* LaunchScreen.storyboard */ = {isa = PBXFileReference; fileEncoding = 4; lastKnownFileType = file.storyboard; path = LaunchScreen.storyboard; sourceTree = "<group>"; };
		F177480F26B3068A00FC4507 /* LikeControl.swift */ = {isa = PBXFileReference; fileEncoding = 4; lastKnownFileType = sourcecode.swift; path = LikeControl.swift; sourceTree = "<group>"; };
		F177481426B3069000FC4507 /* AvatarView.swift */ = {isa = PBXFileReference; fileEncoding = 4; lastKnownFileType = sourcecode.swift; path = AvatarView.swift; sourceTree = "<group>"; };
		F177481926B3069600FC4507 /* LetterPicker.swift */ = {isa = PBXFileReference; fileEncoding = 4; lastKnownFileType = sourcecode.swift; path = LetterPicker.swift; sourceTree = "<group>"; };
		F177481E26B3069C00FC4507 /* SearchView.swift */ = {isa = PBXFileReference; fileEncoding = 4; lastKnownFileType = sourcecode.swift; path = SearchView.swift; sourceTree = "<group>"; };
		F177482426B3071200FC4507 /* FriendsCollectionCell.swift */ = {isa = PBXFileReference; fileEncoding = 4; lastKnownFileType = sourcecode.swift; path = FriendsCollectionCell.swift; sourceTree = "<group>"; };
		F177482926B3071900FC4507 /* FriendsTableViewCell.swift */ = {isa = PBXFileReference; fileEncoding = 4; lastKnownFileType = sourcecode.swift; path = FriendsTableViewCell.swift; sourceTree = "<group>"; };
		F177482F26B3074C00FC4507 /* LoginViewController.swift */ = {isa = PBXFileReference; fileEncoding = 4; lastKnownFileType = sourcecode.swift; path = LoginViewController.swift; sourceTree = "<group>"; };
		F177483526B3076000FC4507 /* FriendsTableViewController.swift */ = {isa = PBXFileReference; fileEncoding = 4; lastKnownFileType = sourcecode.swift; path = FriendsTableViewController.swift; sourceTree = "<group>"; };
		F177483A26B3076600FC4507 /* FriendsCollectionViewController.swift */ = {isa = PBXFileReference; fileEncoding = 4; lastKnownFileType = sourcecode.swift; path = FriendsCollectionViewController.swift; sourceTree = "<group>"; };
		F177483F26B3076C00FC4507 /* GalleryViewController.swift */ = {isa = PBXFileReference; fileEncoding = 4; lastKnownFileType = sourcecode.swift; path = GalleryViewController.swift; sourceTree = "<group>"; };
/* End PBXFileReference section */

/* Begin PBXFrameworksBuildPhase section */
		F17747A426B302C800FC4507 /* Frameworks */ = {
			isa = PBXFrameworksBuildPhase;
			buildActionMask = 2147483647;
			files = (
			);
			runOnlyForDeploymentPostprocessing = 0;
		};
		F17747BA26B302CA00FC4507 /* Frameworks */ = {
			isa = PBXFrameworksBuildPhase;
			buildActionMask = 2147483647;
			files = (
			);
			runOnlyForDeploymentPostprocessing = 0;
		};
		F17747C526B302CB00FC4507 /* Frameworks */ = {
			isa = PBXFrameworksBuildPhase;
			buildActionMask = 2147483647;
			files = (
			);
			runOnlyForDeploymentPostprocessing = 0;
		};
/* End PBXFrameworksBuildPhase section */

/* Begin PBXGroup section */
		F177479E26B302C800FC4507 = {
			isa = PBXGroup;
			children = (
				F17747A926B302C800FC4507 /* SurfTest */,
				F17747C026B302CB00FC4507 /* SurfTestTests */,
				F17747CB26B302CB00FC4507 /* SurfTestUITests */,
				F17747A826B302C800FC4507 /* Products */,
			);
			sourceTree = "<group>";
		};
		F17747A826B302C800FC4507 /* Products */ = {
			isa = PBXGroup;
			children = (
				F17747A726B302C800FC4507 /* SurfTest.app */,
				F17747BD26B302CA00FC4507 /* SurfTestTests.xctest */,
				F17747C826B302CB00FC4507 /* SurfTestUITests.xctest */,
			);
			name = Products;
			sourceTree = "<group>";
		};
		F17747A926B302C800FC4507 /* SurfTest */ = {
			isa = PBXGroup;
			children = (
				F177482E26B3073B00FC4507 /* Controller */,
				F17747FD26B3063900FC4507 /* View */,
				F17747E526B305F200FC4507 /* Model */,
				F17747DF26B305B100FC4507 /* Helpers */,
				F17747DE26B304D500FC4507 /* App */,
				F17747AE26B302C800FC4507 /* ViewController.swift */,
				F17747B826B302CA00FC4507 /* Info.plist */,
			);
			path = SurfTest;
			sourceTree = "<group>";
		};
		F17747C026B302CB00FC4507 /* SurfTestTests */ = {
			isa = PBXGroup;
			children = (
				F17747C126B302CB00FC4507 /* SurfTestTests.swift */,
				F17747C326B302CB00FC4507 /* Info.plist */,
			);
			path = SurfTestTests;
			sourceTree = "<group>";
		};
		F17747CB26B302CB00FC4507 /* SurfTestUITests */ = {
			isa = PBXGroup;
			children = (
				F17747CC26B302CB00FC4507 /* SurfTestUITests.swift */,
				F17747CE26B302CB00FC4507 /* Info.plist */,
			);
			path = SurfTestUITests;
			sourceTree = "<group>";
		};
		F17747DE26B304D500FC4507 /* App */ = {
			isa = PBXGroup;
			children = (
				F17747AA26B302C800FC4507 /* AppDelegate.swift */,
				F17747AC26B302C800FC4507 /* SceneDelegate.swift */,
				F17747B326B302CA00FC4507 /* Assets.xcassets */,
			);
			path = App;
			sourceTree = "<group>";
		};
		F17747DF26B305B100FC4507 /* Helpers */ = {
			isa = PBXGroup;
			children = (
				F17747E026B305D900FC4507 /* UIImageExtension.swift */,
			);
			path = Helpers;
			sourceTree = "<group>";
		};
		F17747E526B305F200FC4507 /* Model */ = {
			isa = PBXGroup;
			children = (
				F17747F526B3061E00FC4507 /* Photos.swift */,
				F17747F026B3061800FC4507 /* Friends.swift */,
				F17747EB26B3061200FC4507 /* Lorem.swift */,
				F17747E626B3060A00FC4507 /* Session.swift */,
			);
			path = Model;
			sourceTree = "<group>";
		};
		F17747FD26B3063900FC4507 /* View */ = {
			isa = PBXGroup;
			children = (
				F177482326B3070400FC4507 /* Cell */,
				F177480E26B3067000FC4507 /* Custom */,
				F17747FE26B3065300FC4507 /* Main.storyboard */,
				F177480326B3065C00FC4507 /* LaunchScreen.storyboard */,
			);
			path = View;
			sourceTree = "<group>";
		};
		F177480E26B3067000FC4507 /* Custom */ = {
			isa = PBXGroup;
			children = (
				F177480F26B3068A00FC4507 /* LikeControl.swift */,
				F177481426B3069000FC4507 /* AvatarView.swift */,
				F177481926B3069600FC4507 /* LetterPicker.swift */,
				F177481E26B3069C00FC4507 /* SearchView.swift */,
			);
			path = Custom;
			sourceTree = "<group>";
		};
		F177482326B3070400FC4507 /* Cell */ = {
			isa = PBXGroup;
			children = (
				F177482426B3071200FC4507 /* FriendsCollectionCell.swift */,
				F177482926B3071900FC4507 /* FriendsTableViewCell.swift */,
			);
			path = Cell;
			sourceTree = "<group>";
		};
		F177482E26B3073B00FC4507 /* Controller */ = {
			isa = PBXGroup;
			children = (
				F177483426B3075100FC4507 /* Friends */,
				F177482F26B3074C00FC4507 /* LoginViewController.swift */,
			);
			path = Controller;
			sourceTree = "<group>";
		};
		F177483426B3075100FC4507 /* Friends */ = {
			isa = PBXGroup;
			children = (
				F177483526B3076000FC4507 /* FriendsTableViewController.swift */,
				F177483A26B3076600FC4507 /* FriendsCollectionViewController.swift */,
				F177483F26B3076C00FC4507 /* GalleryViewController.swift */,
			);
			path = Friends;
			sourceTree = "<group>";
		};
/* End PBXGroup section */

/* Begin PBXNativeTarget section */
		F17747A626B302C800FC4507 /* SurfTest */ = {
			isa = PBXNativeTarget;
			buildConfigurationList = F17747D126B302CB00FC4507 /* Build configuration list for PBXNativeTarget "SurfTest" */;
			buildPhases = (
				F17747A326B302C800FC4507 /* Sources */,
				F17747A426B302C800FC4507 /* Frameworks */,
				F17747A526B302C800FC4507 /* Resources */,
			);
			buildRules = (
			);
			dependencies = (
			);
			name = SurfTest;
			productName = SurfTest;
			productReference = F17747A726B302C800FC4507 /* SurfTest.app */;
			productType = "com.apple.product-type.application";
		};
		F17747BC26B302CA00FC4507 /* SurfTestTests */ = {
			isa = PBXNativeTarget;
			buildConfigurationList = F17747D426B302CB00FC4507 /* Build configuration list for PBXNativeTarget "SurfTestTests" */;
			buildPhases = (
				F17747B926B302CA00FC4507 /* Sources */,
				F17747BA26B302CA00FC4507 /* Frameworks */,
				F17747BB26B302CA00FC4507 /* Resources */,
			);
			buildRules = (
			);
			dependencies = (
				F17747BF26B302CA00FC4507 /* PBXTargetDependency */,
			);
			name = SurfTestTests;
			productName = SurfTestTests;
			productReference = F17747BD26B302CA00FC4507 /* SurfTestTests.xctest */;
			productType = "com.apple.product-type.bundle.unit-test";
		};
		F17747C726B302CB00FC4507 /* SurfTestUITests */ = {
			isa = PBXNativeTarget;
			buildConfigurationList = F17747D726B302CB00FC4507 /* Build configuration list for PBXNativeTarget "SurfTestUITests" */;
			buildPhases = (
				F17747C426B302CB00FC4507 /* Sources */,
				F17747C526B302CB00FC4507 /* Frameworks */,
				F17747C626B302CB00FC4507 /* Resources */,
			);
			buildRules = (
			);
			dependencies = (
				F17747CA26B302CB00FC4507 /* PBXTargetDependency */,
			);
			name = SurfTestUITests;
			productName = SurfTestUITests;
			productReference = F17747C826B302CB00FC4507 /* SurfTestUITests.xctest */;
			productType = "com.apple.product-type.bundle.ui-testing";
		};
/* End PBXNativeTarget section */

/* Begin PBXProject section */
		F177479F26B302C800FC4507 /* Project object */ = {
			isa = PBXProject;
			attributes = {
				LastSwiftUpdateCheck = 1240;
				LastUpgradeCheck = 1240;
				TargetAttributes = {
					F17747A626B302C800FC4507 = {
						CreatedOnToolsVersion = 12.4;
					};
					F17747BC26B302CA00FC4507 = {
						CreatedOnToolsVersion = 12.4;
						TestTargetID = F17747A626B302C800FC4507;
					};
					F17747C726B302CB00FC4507 = {
						CreatedOnToolsVersion = 12.4;
						TestTargetID = F17747A626B302C800FC4507;
					};
				};
			};
			buildConfigurationList = F17747A226B302C800FC4507 /* Build configuration list for PBXProject "SurfTest" */;
			compatibilityVersion = "Xcode 9.3";
			developmentRegion = en;
			hasScannedForEncodings = 0;
			knownRegions = (
				en,
				Base,
			);
			mainGroup = F177479E26B302C800FC4507;
			productRefGroup = F17747A826B302C800FC4507 /* Products */;
			projectDirPath = "";
			projectRoot = "";
			targets = (
				F17747A626B302C800FC4507 /* SurfTest */,
				F17747BC26B302CA00FC4507 /* SurfTestTests */,
				F17747C726B302CB00FC4507 /* SurfTestUITests */,
			);
		};
/* End PBXProject section */

/* Begin PBXResourcesBuildPhase section */
		F17747A526B302C800FC4507 /* Resources */ = {
			isa = PBXResourcesBuildPhase;
			buildActionMask = 2147483647;
			files = (
				F17747B426B302CA00FC4507 /* Assets.xcassets in Resources */,
				F177480426B3065C00FC4507 /* LaunchScreen.storyboard in Resources */,
				F17747FF26B3065300FC4507 /* Main.storyboard in Resources */,
			);
			runOnlyForDeploymentPostprocessing = 0;
		};
		F17747BB26B302CA00FC4507 /* Resources */ = {
			isa = PBXResourcesBuildPhase;
			buildActionMask = 2147483647;
			files = (
			);
			runOnlyForDeploymentPostprocessing = 0;
		};
		F17747C626B302CB00FC4507 /* Resources */ = {
			isa = PBXResourcesBuildPhase;
			buildActionMask = 2147483647;
			files = (
			);
			runOnlyForDeploymentPostprocessing = 0;
		};
/* End PBXResourcesBuildPhase section */

/* Begin PBXSourcesBuildPhase section */
		F17747A326B302C800FC4507 /* Sources */ = {
			isa = PBXSourcesBuildPhase;
			buildActionMask = 2147483647;
			files = (
				F17747E726B3060A00FC4507 /* Session.swift in Sources */,
				F177482526B3071200FC4507 /* FriendsCollectionCell.swift in Sources */,
				F177481A26B3069600FC4507 /* LetterPicker.swift in Sources */,
				F177483026B3074C00FC4507 /* LoginViewController.swift in Sources */,
				F177483B26B3076600FC4507 /* FriendsCollectionViewController.swift in Sources */,
				F177482A26B3071900FC4507 /* FriendsTableViewCell.swift in Sources */,
				F17747F126B3061800FC4507 /* Friends.swift in Sources */,
				F17747EC26B3061200FC4507 /* Lorem.swift in Sources */,
				F177481F26B3069C00FC4507 /* SearchView.swift in Sources */,
				F177481526B3069000FC4507 /* AvatarView.swift in Sources */,
				F17747AF26B302C800FC4507 /* ViewController.swift in Sources */,
				F177483626B3076000FC4507 /* FriendsTableViewController.swift in Sources */,
				F17747F626B3061E00FC4507 /* Photos.swift in Sources */,
				F17747AB26B302C800FC4507 /* AppDelegate.swift in Sources */,
				F17747AD26B302C800FC4507 /* SceneDelegate.swift in Sources */,
				F177484026B3076C00FC4507 /* GalleryViewController.swift in Sources */,
				F177481026B3068A00FC4507 /* LikeControl.swift in Sources */,
				F17747E126B305D900FC4507 /* UIImageExtension.swift in Sources */,
			);
			runOnlyForDeploymentPostprocessing = 0;
		};
		F17747B926B302CA00FC4507 /* Sources */ = {
			isa = PBXSourcesBuildPhase;
			buildActionMask = 2147483647;
			files = (
				F17747C226B302CB00FC4507 /* SurfTestTests.swift in Sources */,
			);
			runOnlyForDeploymentPostprocessing = 0;
		};
		F17747C426B302CB00FC4507 /* Sources */ = {
			isa = PBXSourcesBuildPhase;
			buildActionMask = 2147483647;
			files = (
				F17747CD26B302CB00FC4507 /* SurfTestUITests.swift in Sources */,
			);
			runOnlyForDeploymentPostprocessing = 0;
		};
/* End PBXSourcesBuildPhase section */

/* Begin PBXTargetDependency section */
		F17747BF26B302CA00FC4507 /* PBXTargetDependency */ = {
			isa = PBXTargetDependency;
			target = F17747A626B302C800FC4507 /* SurfTest */;
			targetProxy = F17747BE26B302CA00FC4507 /* PBXContainerItemProxy */;
		};
		F17747CA26B302CB00FC4507 /* PBXTargetDependency */ = {
			isa = PBXTargetDependency;
			target = F17747A626B302C800FC4507 /* SurfTest */;
			targetProxy = F17747C926B302CB00FC4507 /* PBXContainerItemProxy */;
		};
/* End PBXTargetDependency section */

/* Begin XCBuildConfiguration section */
		F17747CF26B302CB00FC4507 /* Debug */ = {
			isa = XCBuildConfiguration;
			buildSettings = {
				ALWAYS_SEARCH_USER_PATHS = NO;
				CLANG_ANALYZER_NONNULL = YES;
				CLANG_ANALYZER_NUMBER_OBJECT_CONVERSION = YES_AGGRESSIVE;
				CLANG_CXX_LANGUAGE_STANDARD = "gnu++14";
				CLANG_CXX_LIBRARY = "libc++";
				CLANG_ENABLE_MODULES = YES;
				CLANG_ENABLE_OBJC_ARC = YES;
				CLANG_ENABLE_OBJC_WEAK = YES;
				CLANG_WARN_BLOCK_CAPTURE_AUTORELEASING = YES;
				CLANG_WARN_BOOL_CONVERSION = YES;
				CLANG_WARN_COMMA = YES;
				CLANG_WARN_CONSTANT_CONVERSION = YES;
				CLANG_WARN_DEPRECATED_OBJC_IMPLEMENTATIONS = YES;
				CLANG_WARN_DIRECT_OBJC_ISA_USAGE = YES_ERROR;
				CLANG_WARN_DOCUMENTATION_COMMENTS = YES;
				CLANG_WARN_EMPTY_BODY = YES;
				CLANG_WARN_ENUM_CONVERSION = YES;
				CLANG_WARN_INFINITE_RECURSION = YES;
				CLANG_WARN_INT_CONVERSION = YES;
				CLANG_WARN_NON_LITERAL_NULL_CONVERSION = YES;
				CLANG_WARN_OBJC_IMPLICIT_RETAIN_SELF = YES;
				CLANG_WARN_OBJC_LITERAL_CONVERSION = YES;
				CLANG_WARN_OBJC_ROOT_CLASS = YES_ERROR;
				CLANG_WARN_QUOTED_INCLUDE_IN_FRAMEWORK_HEADER = YES;
				CLANG_WARN_RANGE_LOOP_ANALYSIS = YES;
				CLANG_WARN_STRICT_PROTOTYPES = YES;
				CLANG_WARN_SUSPICIOUS_MOVE = YES;
				CLANG_WARN_UNGUARDED_AVAILABILITY = YES_AGGRESSIVE;
				CLANG_WARN_UNREACHABLE_CODE = YES;
				CLANG_WARN__DUPLICATE_METHOD_MATCH = YES;
				COPY_PHASE_STRIP = NO;
				DEBUG_INFORMATION_FORMAT = dwarf;
				ENABLE_STRICT_OBJC_MSGSEND = YES;
				ENABLE_TESTABILITY = YES;
				GCC_C_LANGUAGE_STANDARD = gnu11;
				GCC_DYNAMIC_NO_PIC = NO;
				GCC_NO_COMMON_BLOCKS = YES;
				GCC_OPTIMIZATION_LEVEL = 0;
				GCC_PREPROCESSOR_DEFINITIONS = (
					"DEBUG=1",
					"$(inherited)",
				);
				GCC_WARN_64_TO_32_BIT_CONVERSION = YES;
				GCC_WARN_ABOUT_RETURN_TYPE = YES_ERROR;
				GCC_WARN_UNDECLARED_SELECTOR = YES;
				GCC_WARN_UNINITIALIZED_AUTOS = YES_AGGRESSIVE;
				GCC_WARN_UNUSED_FUNCTION = YES;
				GCC_WARN_UNUSED_VARIABLE = YES;
				IPHONEOS_DEPLOYMENT_TARGET = 14.4;
				MTL_ENABLE_DEBUG_INFO = INCLUDE_SOURCE;
				MTL_FAST_MATH = YES;
				ONLY_ACTIVE_ARCH = YES;
				SDKROOT = iphoneos;
				SWIFT_ACTIVE_COMPILATION_CONDITIONS = DEBUG;
				SWIFT_OPTIMIZATION_LEVEL = "-Onone";
			};
			name = Debug;
		};
		F17747D026B302CB00FC4507 /* Release */ = {
			isa = XCBuildConfiguration;
			buildSettings = {
				ALWAYS_SEARCH_USER_PATHS = NO;
				CLANG_ANALYZER_NONNULL = YES;
				CLANG_ANALYZER_NUMBER_OBJECT_CONVERSION = YES_AGGRESSIVE;
				CLANG_CXX_LANGUAGE_STANDARD = "gnu++14";
				CLANG_CXX_LIBRARY = "libc++";
				CLANG_ENABLE_MODULES = YES;
				CLANG_ENABLE_OBJC_ARC = YES;
				CLANG_ENABLE_OBJC_WEAK = YES;
				CLANG_WARN_BLOCK_CAPTURE_AUTORELEASING = YES;
				CLANG_WARN_BOOL_CONVERSION = YES;
				CLANG_WARN_COMMA = YES;
				CLANG_WARN_CONSTANT_CONVERSION = YES;
				CLANG_WARN_DEPRECATED_OBJC_IMPLEMENTATIONS = YES;
				CLANG_WARN_DIRECT_OBJC_ISA_USAGE = YES_ERROR;
				CLANG_WARN_DOCUMENTATION_COMMENTS = YES;
				CLANG_WARN_EMPTY_BODY = YES;
				CLANG_WARN_ENUM_CONVERSION = YES;
				CLANG_WARN_INFINITE_RECURSION = YES;
				CLANG_WARN_INT_CONVERSION = YES;
				CLANG_WARN_NON_LITERAL_NULL_CONVERSION = YES;
				CLANG_WARN_OBJC_IMPLICIT_RETAIN_SELF = YES;
				CLANG_WARN_OBJC_LITERAL_CONVERSION = YES;
				CLANG_WARN_OBJC_ROOT_CLASS = YES_ERROR;
				CLANG_WARN_QUOTED_INCLUDE_IN_FRAMEWORK_HEADER = YES;
				CLANG_WARN_RANGE_LOOP_ANALYSIS = YES;
				CLANG_WARN_STRICT_PROTOTYPES = YES;
				CLANG_WARN_SUSPICIOUS_MOVE = YES;
				CLANG_WARN_UNGUARDED_AVAILABILITY = YES_AGGRESSIVE;
				CLANG_WARN_UNREACHABLE_CODE = YES;
				CLANG_WARN__DUPLICATE_METHOD_MATCH = YES;
				COPY_PHASE_STRIP = NO;
				DEBUG_INFORMATION_FORMAT = "dwarf-with-dsym";
				ENABLE_NS_ASSERTIONS = NO;
				ENABLE_STRICT_OBJC_MSGSEND = YES;
				GCC_C_LANGUAGE_STANDARD = gnu11;
				GCC_NO_COMMON_BLOCKS = YES;
				GCC_WARN_64_TO_32_BIT_CONVERSION = YES;
				GCC_WARN_ABOUT_RETURN_TYPE = YES_ERROR;
				GCC_WARN_UNDECLARED_SELECTOR = YES;
				GCC_WARN_UNINITIALIZED_AUTOS = YES_AGGRESSIVE;
				GCC_WARN_UNUSED_FUNCTION = YES;
				GCC_WARN_UNUSED_VARIABLE = YES;
				IPHONEOS_DEPLOYMENT_TARGET = 14.4;
				MTL_ENABLE_DEBUG_INFO = NO;
				MTL_FAST_MATH = YES;
				SDKROOT = iphoneos;
				SWIFT_COMPILATION_MODE = wholemodule;
				SWIFT_OPTIMIZATION_LEVEL = "-O";
				VALIDATE_PRODUCT = YES;
			};
			name = Release;
		};
		F17747D226B302CB00FC4507 /* Debug */ = {
			isa = XCBuildConfiguration;
			buildSettings = {
				ASSETCATALOG_COMPILER_APPICON_NAME = AppIcon;
				ASSETCATALOG_COMPILER_GLOBAL_ACCENT_COLOR_NAME = AccentColor;
				CODE_SIGN_STYLE = Automatic;
				INFOPLIST_FILE = SurfTest/Info.plist;
				LD_RUNPATH_SEARCH_PATHS = (
					"$(inherited)",
					"@executable_path/Frameworks",
				);
				PRODUCT_BUNDLE_IDENTIFIER = testContact.SurfTest;
				PRODUCT_NAME = "$(TARGET_NAME)";
				SWIFT_VERSION = 5.0;
				TARGETED_DEVICE_FAMILY = "1,2";
			};
			name = Debug;
		};
		F17747D326B302CB00FC4507 /* Release */ = {
			isa = XCBuildConfiguration;
			buildSettings = {
				ASSETCATALOG_COMPILER_APPICON_NAME = AppIcon;
				ASSETCATALOG_COMPILER_GLOBAL_ACCENT_COLOR_NAME = AccentColor;
				CODE_SIGN_STYLE = Automatic;
				INFOPLIST_FILE = SurfTest/Info.plist;
				LD_RUNPATH_SEARCH_PATHS = (
					"$(inherited)",
					"@executable_path/Frameworks",
				);
				PRODUCT_BUNDLE_IDENTIFIER = testContact.SurfTest;
				PRODUCT_NAME = "$(TARGET_NAME)";
				SWIFT_VERSION = 5.0;
				TARGETED_DEVICE_FAMILY = "1,2";
			};
			name = Release;
		};
		F17747D526B302CB00FC4507 /* Debug */ = {
			isa = XCBuildConfiguration;
			buildSettings = {
				ALWAYS_EMBED_SWIFT_STANDARD_LIBRARIES = YES;
				BUNDLE_LOADER = "$(TEST_HOST)";
				CODE_SIGN_STYLE = Automatic;
				INFOPLIST_FILE = SurfTestTests/Info.plist;
				IPHONEOS_DEPLOYMENT_TARGET = 14.4;
				LD_RUNPATH_SEARCH_PATHS = (
					"$(inherited)",
					"@executable_path/Frameworks",
					"@loader_path/Frameworks",
				);
				PRODUCT_BUNDLE_IDENTIFIER = testContact.SurfTestTests;
				PRODUCT_NAME = "$(TARGET_NAME)";
				SWIFT_VERSION = 5.0;
				TARGETED_DEVICE_FAMILY = "1,2";
				TEST_HOST = "$(BUILT_PRODUCTS_DIR)/SurfTest.app/SurfTest";
			};
			name = Debug;
		};
		F17747D626B302CB00FC4507 /* Release */ = {
			isa = XCBuildConfiguration;
			buildSettings = {
				ALWAYS_EMBED_SWIFT_STANDARD_LIBRARIES = YES;
				BUNDLE_LOADER = "$(TEST_HOST)";
				CODE_SIGN_STYLE = Automatic;
				INFOPLIST_FILE = SurfTestTests/Info.plist;
				IPHONEOS_DEPLOYMENT_TARGET = 14.4;
				LD_RUNPATH_SEARCH_PATHS = (
					"$(inherited)",
					"@executable_path/Frameworks",
					"@loader_path/Frameworks",
				);
				PRODUCT_BUNDLE_IDENTIFIER = testContact.SurfTestTests;
				PRODUCT_NAME = "$(TARGET_NAME)";
				SWIFT_VERSION = 5.0;
				TARGETED_DEVICE_FAMILY = "1,2";
				TEST_HOST = "$(BUILT_PRODUCTS_DIR)/SurfTest.app/SurfTest";
			};
			name = Release;
		};
		F17747D826B302CB00FC4507 /* Debug */ = {
			isa = XCBuildConfiguration;
			buildSettings = {
				ALWAYS_EMBED_SWIFT_STANDARD_LIBRARIES = YES;
				CODE_SIGN_STYLE = Automatic;
				INFOPLIST_FILE = SurfTestUITests/Info.plist;
				LD_RUNPATH_SEARCH_PATHS = (
					"$(inherited)",
					"@executable_path/Frameworks",
					"@loader_path/Frameworks",
				);
				PRODUCT_BUNDLE_IDENTIFIER = testContact.SurfTestUITests;
				PRODUCT_NAME = "$(TARGET_NAME)";
				SWIFT_VERSION = 5.0;
				TARGETED_DEVICE_FAMILY = "1,2";
				TEST_TARGET_NAME = SurfTest;
			};
			name = Debug;
		};
		F17747D926B302CB00FC4507 /* Release */ = {
			isa = XCBuildConfiguration;
			buildSettings = {
				ALWAYS_EMBED_SWIFT_STANDARD_LIBRARIES = YES;
				CODE_SIGN_STYLE = Automatic;
				INFOPLIST_FILE = SurfTestUITests/Info.plist;
				LD_RUNPATH_SEARCH_PATHS = (
					"$(inherited)",
					"@executable_path/Frameworks",
					"@loader_path/Frameworks",
				);
				PRODUCT_BUNDLE_IDENTIFIER = testContact.SurfTestUITests;
				PRODUCT_NAME = "$(TARGET_NAME)";
				SWIFT_VERSION = 5.0;
				TARGETED_DEVICE_FAMILY = "1,2";
				TEST_TARGET_NAME = SurfTest;
			};
			name = Release;
		};
/* End XCBuildConfiguration section */

/* Begin XCConfigurationList section */
		F17747A226B302C800FC4507 /* Build configuration list for PBXProject "SurfTest" */ = {
			isa = XCConfigurationList;
			buildConfigurations = (
				F17747CF26B302CB00FC4507 /* Debug */,
				F17747D026B302CB00FC4507 /* Release */,
			);
			defaultConfigurationIsVisible = 0;
			defaultConfigurationName = Release;
		};
		F17747D126B302CB00FC4507 /* Build configuration list for PBXNativeTarget "SurfTest" */ = {
			isa = XCConfigurationList;
			buildConfigurations = (
				F17747D226B302CB00FC4507 /* Debug */,
				F17747D326B302CB00FC4507 /* Release */,
			);
			defaultConfigurationIsVisible = 0;
			defaultConfigurationName = Release;
		};
		F17747D426B302CB00FC4507 /* Build configuration list for PBXNativeTarget "SurfTestTests" */ = {
			isa = XCConfigurationList;
			buildConfigurations = (
				F17747D526B302CB00FC4507 /* Debug */,
				F17747D626B302CB00FC4507 /* Release */,
			);
			defaultConfigurationIsVisible = 0;
			defaultConfigurationName = Release;
		};
		F17747D726B302CB00FC4507 /* Build configuration list for PBXNativeTarget "SurfTestUITests" */ = {
			isa = XCConfigurationList;
			buildConfigurations = (
				F17747D826B302CB00FC4507 /* Debug */,
				F17747D926B302CB00FC4507 /* Release */,
			);
			defaultConfigurationIsVisible = 0;
			defaultConfigurationName = Release;
		};
/* End XCConfigurationList section */
	};
	rootObject = F177479F26B302C800FC4507 /* Project object */;
}
